
Microsoft Visual Studio Solution File, Format Version 12.00
# Visual Studio Version 17
VisualStudioVersion = 17.9.34728.123
MinimumVisualStudioVersion = 10.0.40219.1
Project("{FAE04EC0-301F-11D3-BF4B-00C04F79EFBC}") = "ItauInvest.API", "ItauInvest.API\ItauInvest.API.csproj", "{3894028E-F872-4A4F-AC3E-DBF6E3A13CAD}"
EndProject
Global
	GlobalSection(SolutionConfigurationPlatforms) = preSolution
		Debug|Any CPU = Debug|Any CPU
		Release|Any CPU = Release|Any CPU
	EndGlobalSection
	GlobalSection(ProjectConfigurationPlatforms) = postSolution
		{3894028E-F872-4A4F-AC3E-DBF6E3A13CAD}.Debug|Any CPU.ActiveCfg = Debug|Any CPU
		{3894028E-F872-4A4F-AC3E-DBF6E3A13CAD}.Debug|Any CPU.Build.0 = Debug|Any CPU
		{3894028E-F872-4A4F-AC3E-DBF6E3A13CAD}.Release|Any CPU.ActiveCfg = Release|Any CPU
		{3894028E-F872-4A4F-AC3E-DBF6E3A13CAD}.Release|Any CPU.Build.0 = Release|Any CPU
	EndGlobalSection
	GlobalSection(SolutionProperties) = preSolution
		HideSolutionNode = FALSE
	EndGlobalSection
	GlobalSection(ExtensibilityGlobals) = postSolution
		SolutionGuid = {8B693008-790B-468F-9419-A02CB9F20A7D}
	EndGlobalSection
EndGlobal
